
Microsoft Visual Studio Solution File, Format Version 12.00
# Visual Studio Version 17
VisualStudioVersion = 17.3.32929.385
MinimumVisualStudioVersion = 10.0.40219.1
Project("{FAE04EC0-301F-11D3-BF4B-00C04F79EFBC}") = "SistemaDeTurnos", "SistemaDeTurnos\SistemaDeTurnos.csproj", "{D2426629-79A4-46D4-83CC-87B8AED1CD95}"
EndProject
Global
	GlobalSection(SolutionConfigurationPlatforms) = preSolution
		Debug|Any CPU = Debug|Any CPU
		Release|Any CPU = Release|Any CPU
	EndGlobalSection
	GlobalSection(ProjectConfigurationPlatforms) = postSolution
		{D2426629-79A4-46D4-83CC-87B8AED1CD95}.Debug|Any CPU.ActiveCfg = Debug|Any CPU
		{D2426629-79A4-46D4-83CC-87B8AED1CD95}.Debug|Any CPU.Build.0 = Debug|Any CPU
		{D2426629-79A4-46D4-83CC-87B8AED1CD95}.Release|Any CPU.ActiveCfg = Release|Any CPU
		{D2426629-79A4-46D4-83CC-87B8AED1CD95}.Release|Any CPU.Build.0 = Release|Any CPU
	EndGlobalSection
	GlobalSection(SolutionProperties) = preSolution
		HideSolutionNode = FALSE
	EndGlobalSection
	GlobalSection(ExtensibilityGlobals) = postSolution
		SolutionGuid = {F6EB9960-8AAF-42EC-8681-52A320CF749C}
	EndGlobalSection
EndGlobal
